
Microsoft Visual Studio Solution File, Format Version 12.00
# Visual Studio Version 18
VisualStudioVersion = 18.3.11222.16
MinimumVisualStudioVersion = 10.0.40219.1
Project("{FAE04EC0-301F-11D3-BF4B-00C04F79EFBC}") = "SocketJack", "SocketJack\SocketJack.csproj", "{A9488B32-E02A-D73C-446B-780E35191A15}"
EndProject
Project("{F184B08F-C81C-45F6-A57F-5ABD9991F28F}") = "SocketJack-Tests", "Tests\SocketJack-Tests.vbproj", "{F06D26B1-23FF-16CF-823E-22FE17C5E779}"
	ProjectSection(ProjectDependencies) = postProject
		{CE30FC4D-463C-4917-BFCB-0DDA7794A66C} = {CE30FC4D-463C-4917-BFCB-0DDA7794A66C}
	EndProjectSection
EndProject
Project("{FAE04EC0-301F-11D3-BF4B-00C04F79EFBC}") = "NSpeex", "NSpeex\NSpeex.csproj", "{66205DE8-B289-183F-35B6-A01CDB7E4044}"
EndProject
Project("{FAE04EC0-301F-11D3-BF4B-00C04F79EFBC}") = "WebSocketTestApplication", "WebSocketTestApplication\WebSocketTestApplication.csproj", "{CE30FC4D-463C-4917-BFCB-0DDA7794A66C}"
EndProject
Project("{FAE04EC0-301F-11D3-BF4B-00C04F79EFBC}") = "SocketJack.Unity", "SocketJack.Unity\SocketJack.Unity.csproj", "{F16DE517-F8C5-FABA-EBED-4583C874861F}"
	ProjectSection(ProjectDependencies) = postProject
		{A9488B32-E02A-D73C-446B-780E35191A15} = {A9488B32-E02A-D73C-446B-780E35191A15}
	EndProjectSection
EndProject
Project("{2150E333-8FDC-42A3-9474-1A3956D46DE8}") = "Solution Items", "Solution Items", "{D9F53B44-7E31-4ABD-96F9-D3AE1EAE5EB8}"
	ProjectSection(SolutionItems) = preProject
		.editorconfig = .editorconfig
	EndProjectSection
EndProject
Project("{FAE04EC0-301F-11D3-BF4B-00C04F79EFBC}") = "SocketJack.WPF", "SocketJack.Windows\SocketJack.WPF.csproj", "{A6438549-731B-7C7C-82DD-1F6DA504429E}"
	ProjectSection(ProjectDependencies) = postProject
		{A9488B32-E02A-D73C-446B-780E35191A15} = {A9488B32-E02A-D73C-446B-780E35191A15}
	EndProjectSection
EndProject
Project("{FAE04EC0-301F-11D3-BF4B-00C04F79EFBC}") = "SocketJack.WpfBasicGame", "SocketJack.WpfBasicGame\SocketJack.WpfBasicGame.csproj", "{02244906-0B64-4CF6-BF13-9D5504044092}"
EndProject
Project("{FAE04EC0-301F-11D3-BF4B-00C04F79EFBC}") = "SocketJack.Tests", "SocketJack.Tests\SocketJack.Tests.csproj", "{EBF445F1-AC18-4F0D-9444-1C66BED56711}"
EndProject
Project("{FAE04EC0-301F-11D3-BF4B-00C04F79EFBC}") = "SocketJack.WebSocketServer", "SocketJack.WebSocketServer\SocketJack.WebSocketServer.csproj", "{D87944A4-ED4C-49D7-B442-0C8ED8B35EDC}"
EndProject
Project("{2150E333-8FDC-42A3-9474-1A3956D46DE8}") = "SocketJack Projects", "SocketJack Projects", "{012DC2C3-F936-4CF4-AB3F-9BBF0A2D9DEE}"
EndProject
Project("{FAE04EC0-301F-11D3-BF4B-00C04F79EFBC}") = "SocketJack.UdpReliable.Tests", "SocketJack.UdpReliable.Tests\SocketJack.UdpReliable.Tests.csproj", "{73F78CFE-9B0A-47F3-B73E-057E2EFE1174}"
EndProject
Global
	GlobalSection(SolutionConfigurationPlatforms) = preSolution
		Debug|Any CPU = Debug|Any CPU
		Debug|x64 = Debug|x64
		Debug|x86 = Debug|x86
		Release|Any CPU = Release|Any CPU
		Release|x64 = Release|x64
		Release|x86 = Release|x86
	EndGlobalSection
	GlobalSection(ProjectConfigurationPlatforms) = postSolution
		{A9488B32-E02A-D73C-446B-780E35191A15}.Debug|Any CPU.ActiveCfg = Debug|Any CPU
		{A9488B32-E02A-D73C-446B-780E35191A15}.Debug|Any CPU.Build.0 = Debug|Any CPU
		{A9488B32-E02A-D73C-446B-780E35191A15}.Debug|x64.ActiveCfg = Debug|Any CPU
		{A9488B32-E02A-D73C-446B-780E35191A15}.Debug|x64.Build.0 = Debug|Any CPU
		{A9488B32-E02A-D73C-446B-780E35191A15}.Debug|x86.ActiveCfg = Debug|Any CPU
		{A9488B32-E02A-D73C-446B-780E35191A15}.Debug|x86.Build.0 = Debug|Any CPU
		{A9488B32-E02A-D73C-446B-780E35191A15}.Release|Any CPU.ActiveCfg = Release|Any CPU
		{A9488B32-E02A-D73C-446B-780E35191A15}.Release|Any CPU.Build.0 = Release|Any CPU
		{A9488B32-E02A-D73C-446B-780E35191A15}.Release|x64.ActiveCfg = Release|Any CPU
		{A9488B32-E02A-D73C-446B-780E35191A15}.Release|x64.Build.0 = Release|Any CPU
		{A9488B32-E02A-D73C-446B-780E35191A15}.Release|x86.ActiveCfg = Release|Any CPU
		{A9488B32-E02A-D73C-446B-780E35191A15}.Release|x86.Build.0 = Release|Any CPU
		{F06D26B1-23FF-16CF-823E-22FE17C5E779}.Debug|Any CPU.ActiveCfg = Debug|Any CPU
		{F06D26B1-23FF-16CF-823E-22FE17C5E779}.Debug|Any CPU.Build.0 = Debug|Any CPU
		{F06D26B1-23FF-16CF-823E-22FE17C5E779}.Debug|x64.ActiveCfg = Debug|Any CPU
		{F06D26B1-23FF-16CF-823E-22FE17C5E779}.Debug|x64.Build.0 = Debug|Any CPU
		{F06D26B1-23FF-16CF-823E-22FE17C5E779}.Debug|x86.ActiveCfg = Debug|Any CPU
		{F06D26B1-23FF-16CF-823E-22FE17C5E779}.Debug|x86.Build.0 = Debug|Any CPU
		{F06D26B1-23FF-16CF-823E-22FE17C5E779}.Release|Any CPU.ActiveCfg = Release|Any CPU
		{F06D26B1-23FF-16CF-823E-22FE17C5E779}.Release|Any CPU.Build.0 = Release|Any CPU
		{F06D26B1-23FF-16CF-823E-22FE17C5E779}.Release|x64.ActiveCfg = Release|Any CPU
		{F06D26B1-23FF-16CF-823E-22FE17C5E779}.Release|x64.Build.0 = Release|Any CPU
		{F06D26B1-23FF-16CF-823E-22FE17C5E779}.Release|x86.ActiveCfg = Release|Any CPU
		{F06D26B1-23FF-16CF-823E-22FE17C5E779}.Release|x86.Build.0 = Release|Any CPU
		{66205DE8-B289-183F-35B6-A01CDB7E4044}.Debug|Any CPU.ActiveCfg = Debug|Any CPU
		{66205DE8-B289-183F-35B6-A01CDB7E4044}.Debug|Any CPU.Build.0 = Debug|Any CPU
		{66205DE8-B289-183F-35B6-A01CDB7E4044}.Debug|x64.ActiveCfg = Debug|Any CPU
		{66205DE8-B289-183F-35B6-A01CDB7E4044}.Debug|x64.Build.0 = Debug|Any CPU
		{66205DE8-B289-183F-35B6-A01CDB7E4044}.Debug|x86.ActiveCfg = Debug|Any CPU
		{66205DE8-B289-183F-35B6-A01CDB7E4044}.Debug|x86.Build.0 = Debug|Any CPU
		{66205DE8-B289-183F-35B6-A01CDB7E4044}.Release|Any CPU.ActiveCfg = Release|Any CPU
		{66205DE8-B289-183F-35B6-A01CDB7E4044}.Release|Any CPU.Build.0 = Release|Any CPU
		{66205DE8-B289-183F-35B6-A01CDB7E4044}.Release|x64.ActiveCfg = Release|Any CPU
		{66205DE8-B289-183F-35B6-A01CDB7E4044}.Release|x64.Build.0 = Release|Any CPU
		{66205DE8-B289-183F-35B6-A01CDB7E4044}.Release|x86.ActiveCfg = Release|Any CPU
		{66205DE8-B289-183F-35B6-A01CDB7E4044}.Release|x86.Build.0 = Release|Any CPU
		{CE30FC4D-463C-4917-BFCB-0DDA7794A66C}.Debug|Any CPU.ActiveCfg = Debug|Any CPU
		{CE30FC4D-463C-4917-BFCB-0DDA7794A66C}.Debug|Any CPU.Build.0 = Debug|Any CPU
		{CE30FC4D-463C-4917-BFCB-0DDA7794A66C}.Debug|x64.ActiveCfg = Debug|Any CPU
		{CE30FC4D-463C-4917-BFCB-0DDA7794A66C}.Debug|x64.Build.0 = Debug|Any CPU
		{CE30FC4D-463C-4917-BFCB-0DDA7794A66C}.Debug|x86.ActiveCfg = Debug|Any CPU
		{CE30FC4D-463C-4917-BFCB-0DDA7794A66C}.Debug|x86.Build.0 = Debug|Any CPU
		{CE30FC4D-463C-4917-BFCB-0DDA7794A66C}.Release|Any CPU.ActiveCfg = Release|Any CPU
		{CE30FC4D-463C-4917-BFCB-0DDA7794A66C}.Release|Any CPU.Build.0 = Release|Any CPU
		{CE30FC4D-463C-4917-BFCB-0DDA7794A66C}.Release|x64.ActiveCfg = Release|Any CPU
		{CE30FC4D-463C-4917-BFCB-0DDA7794A66C}.Release|x64.Build.0 = Release|Any CPU
		{CE30FC4D-463C-4917-BFCB-0DDA7794A66C}.Release|x86.ActiveCfg = Release|Any CPU
		{CE30FC4D-463C-4917-BFCB-0DDA7794A66C}.Release|x86.Build.0 = Release|Any CPU
		{F16DE517-F8C5-FABA-EBED-4583C874861F}.Debug|Any CPU.ActiveCfg = Debug|Any CPU
		{F16DE517-F8C5-FABA-EBED-4583C874861F}.Debug|Any CPU.Build.0 = Debug|Any CPU
		{F16DE517-F8C5-FABA-EBED-4583C874861F}.Debug|x64.ActiveCfg = Debug|Any CPU
		{F16DE517-F8C5-FABA-EBED-4583C874861F}.Debug|x64.Build.0 = Debug|Any CPU
		{F16DE517-F8C5-FABA-EBED-4583C874861F}.Debug|x86.ActiveCfg = Debug|Any CPU
		{F16DE517-F8C5-FABA-EBED-4583C874861F}.Debug|x86.Build.0 = Debug|Any CPU
		{F16DE517-F8C5-FABA-EBED-4583C874861F}.Release|Any CPU.ActiveCfg = Release|Any CPU
		{F16DE517-F8C5-FABA-EBED-4583C874861F}.Release|Any CPU.Build.0 = Release|Any CPU
		{F16DE517-F8C5-FABA-EBED-4583C874861F}.Release|x64.ActiveCfg = Release|Any CPU
		{F16DE517-F8C5-FABA-EBED-4583C874861F}.Release|x64.Build.0 = Release|Any CPU
		{F16DE517-F8C5-FABA-EBED-4583C874861F}.Release|x86.ActiveCfg = Release|Any CPU
		{F16DE517-F8C5-FABA-EBED-4583C874861F}.Release|x86.Build.0 = Release|Any CPU
		{A6438549-731B-7C7C-82DD-1F6DA504429E}.Debug|Any CPU.ActiveCfg = Debug|Any CPU
		{A6438549-731B-7C7C-82DD-1F6DA504429E}.Debug|Any CPU.Build.0 = Debug|Any CPU
		{A6438549-731B-7C7C-82DD-1F6DA504429E}.Debug|x64.ActiveCfg = Debug|Any CPU
		{A6438549-731B-7C7C-82DD-1F6DA504429E}.Debug|x64.Build.0 = Debug|Any CPU
		{A6438549-731B-7C7C-82DD-1F6DA504429E}.Debug|x86.ActiveCfg = Debug|Any CPU
		{A6438549-731B-7C7C-82DD-1F6DA504429E}.Debug|x86.Build.0 = Debug|Any CPU
		{A6438549-731B-7C7C-82DD-1F6DA504429E}.Release|Any CPU.ActiveCfg = Release|Any CPU
		{A6438549-731B-7C7C-82DD-1F6DA504429E}.Release|Any CPU.Build.0 = Release|Any CPU
		{A6438549-731B-7C7C-82DD-1F6DA504429E}.Release|x64.ActiveCfg = Release|Any CPU
		{A6438549-731B-7C7C-82DD-1F6DA504429E}.Release|x64.Build.0 = Release|Any CPU
		{A6438549-731B-7C7C-82DD-1F6DA504429E}.Release|x86.ActiveCfg = Release|Any CPU
		{A6438549-731B-7C7C-82DD-1F6DA504429E}.Release|x86.Build.0 = Release|Any CPU
		{02244906-0B64-4CF6-BF13-9D5504044092}.Debug|Any CPU.ActiveCfg = Debug|Any CPU
		{02244906-0B64-4CF6-BF13-9D5504044092}.Debug|Any CPU.Build.0 = Debug|Any CPU
		{02244906-0B64-4CF6-BF13-9D5504044092}.Debug|x64.ActiveCfg = Debug|Any CPU
		{02244906-0B64-4CF6-BF13-9D5504044092}.Debug|x64.Build.0 = Debug|Any CPU
		{02244906-0B64-4CF6-BF13-9D5504044092}.Debug|x86.ActiveCfg = Debug|Any CPU
		{02244906-0B64-4CF6-BF13-9D5504044092}.Debug|x86.Build.0 = Debug|Any CPU
		{02244906-0B64-4CF6-BF13-9D5504044092}.Release|Any CPU.ActiveCfg = Release|Any CPU
		{02244906-0B64-4CF6-BF13-9D5504044092}.Release|Any CPU.Build.0 = Release|Any CPU
		{02244906-0B64-4CF6-BF13-9D5504044092}.Release|x64.ActiveCfg = Release|Any CPU
		{02244906-0B64-4CF6-BF13-9D5504044092}.Release|x64.Build.0 = Release|Any CPU
		{02244906-0B64-4CF6-BF13-9D5504044092}.Release|x86.ActiveCfg = Release|Any CPU
		{02244906-0B64-4CF6-BF13-9D5504044092}.Release|x86.Build.0 = Release|Any CPU
		{EBF445F1-AC18-4F0D-9444-1C66BED56711}.Debug|Any CPU.ActiveCfg = Debug|Any CPU
		{EBF445F1-AC18-4F0D-9444-1C66BED56711}.Debug|Any CPU.Build.0 = Debug|Any CPU
		{EBF445F1-AC18-4F0D-9444-1C66BED56711}.Debug|x64.ActiveCfg = Debug|Any CPU
		{EBF445F1-AC18-4F0D-9444-1C66BED56711}.Debug|x64.Build.0 = Debug|Any CPU
		{EBF445F1-AC18-4F0D-9444-1C66BED56711}.Debug|x86.ActiveCfg = Debug|Any CPU
		{EBF445F1-AC18-4F0D-9444-1C66BED56711}.Debug|x86.Build.0 = Debug|Any CPU
		{EBF445F1-AC18-4F0D-9444-1C66BED56711}.Release|Any CPU.ActiveCfg = Release|Any CPU
		{EBF445F1-AC18-4F0D-9444-1C66BED56711}.Release|Any CPU.Build.0 = Release|Any CPU
		{EBF445F1-AC18-4F0D-9444-1C66BED56711}.Release|x64.ActiveCfg = Release|Any CPU
		{EBF445F1-AC18-4F0D-9444-1C66BED56711}.Release|x64.Build.0 = Release|Any CPU
		{EBF445F1-AC18-4F0D-9444-1C66BED56711}.Release|x86.ActiveCfg = Release|Any CPU
		{EBF445F1-AC18-4F0D-9444-1C66BED56711}.Release|x86.Build.0 = Release|Any CPU
		{D87944A4-ED4C-49D7-B442-0C8ED8B35EDC}.Debug|Any CPU.ActiveCfg = Debug|Any CPU
		{D87944A4-ED4C-49D7-B442-0C8ED8B35EDC}.Debug|Any CPU.Build.0 = Debug|Any CPU
		{D87944A4-ED4C-49D7-B442-0C8ED8B35EDC}.Debug|x64.ActiveCfg = Debug|Any CPU
		{D87944A4-ED4C-49D7-B442-0C8ED8B35EDC}.Debug|x64.Build.0 = Debug|Any CPU
		{D87944A4-ED4C-49D7-B442-0C8ED8B35EDC}.Debug|x86.ActiveCfg = Debug|Any CPU
		{D87944A4-ED4C-49D7-B442-0C8ED8B35EDC}.Debug|x86.Build.0 = Debug|Any CPU
		{D87944A4-ED4C-49D7-B442-0C8ED8B35EDC}.Release|Any CPU.ActiveCfg = Release|Any CPU
		{D87944A4-ED4C-49D7-B442-0C8ED8B35EDC}.Release|Any CPU.Build.0 = Release|Any CPU
		{D87944A4-ED4C-49D7-B442-0C8ED8B35EDC}.Release|x64.ActiveCfg = Release|Any CPU
		{D87944A4-ED4C-49D7-B442-0C8ED8B35EDC}.Release|x64.Build.0 = Release|Any CPU
		{D87944A4-ED4C-49D7-B442-0C8ED8B35EDC}.Release|x86.ActiveCfg = Release|Any CPU
		{D87944A4-ED4C-49D7-B442-0C8ED8B35EDC}.Release|x86.Build.0 = Release|Any CPU
		{73F78CFE-9B0A-47F3-B73E-057E2EFE1174}.Debug|Any CPU.ActiveCfg = Debug|Any CPU
		{73F78CFE-9B0A-47F3-B73E-057E2EFE1174}.Debug|Any CPU.Build.0 = Debug|Any CPU
		{73F78CFE-9B0A-47F3-B73E-057E2EFE1174}.Debug|x64.ActiveCfg = Debug|Any CPU
		{73F78CFE-9B0A-47F3-B73E-057E2EFE1174}.Debug|x64.Build.0 = Debug|Any CPU
		{73F78CFE-9B0A-47F3-B73E-057E2EFE1174}.Debug|x86.ActiveCfg = Debug|Any CPU
		{73F78CFE-9B0A-47F3-B73E-057E2EFE1174}.Debug|x86.Build.0 = Debug|Any CPU
		{73F78CFE-9B0A-47F3-B73E-057E2EFE1174}.Release|Any CPU.ActiveCfg = Release|Any CPU
		{73F78CFE-9B0A-47F3-B73E-057E2EFE1174}.Release|Any CPU.Build.0 = Release|Any CPU
		{73F78CFE-9B0A-47F3-B73E-057E2EFE1174}.Release|x64.ActiveCfg = Release|Any CPU
		{73F78CFE-9B0A-47F3-B73E-057E2EFE1174}.Release|x64.Build.0 = Release|Any CPU
		{73F78CFE-9B0A-47F3-B73E-057E2EFE1174}.Release|x86.ActiveCfg = Release|Any CPU
		{73F78CFE-9B0A-47F3-B73E-057E2EFE1174}.Release|x86.Build.0 = Release|Any CPU
	EndGlobalSection
	GlobalSection(SolutionProperties) = preSolution
		HideSolutionNode = FALSE
	EndGlobalSection
	GlobalSection(NestedProjects) = preSolution
		{A9488B32-E02A-D73C-446B-780E35191A15} = {012DC2C3-F936-4CF4-AB3F-9BBF0A2D9DEE}
		{F06D26B1-23FF-16CF-823E-22FE17C5E779} = {012DC2C3-F936-4CF4-AB3F-9BBF0A2D9DEE}
		{66205DE8-B289-183F-35B6-A01CDB7E4044} = {012DC2C3-F936-4CF4-AB3F-9BBF0A2D9DEE}
		{CE30FC4D-463C-4917-BFCB-0DDA7794A66C} = {012DC2C3-F936-4CF4-AB3F-9BBF0A2D9DEE}
		{F16DE517-F8C5-FABA-EBED-4583C874861F} = {012DC2C3-F936-4CF4-AB3F-9BBF0A2D9DEE}
		{A6438549-731B-7C7C-82DD-1F6DA504429E} = {012DC2C3-F936-4CF4-AB3F-9BBF0A2D9DEE}
		{02244906-0B64-4CF6-BF13-9D5504044092} = {012DC2C3-F936-4CF4-AB3F-9BBF0A2D9DEE}
		{EBF445F1-AC18-4F0D-9444-1C66BED56711} = {012DC2C3-F936-4CF4-AB3F-9BBF0A2D9DEE}
		{D87944A4-ED4C-49D7-B442-0C8ED8B35EDC} = {012DC2C3-F936-4CF4-AB3F-9BBF0A2D9DEE}
	EndGlobalSection
	GlobalSection(ExtensibilityGlobals) = postSolution
		SolutionGuid = {BE0AAA12-E97D-44AB-8468-BCF06B4E1161}
	EndGlobalSection
EndGlobal
